
Microsoft Visual Studio Solution File, Format Version 12.00
# Visual Studio Version 17
VisualStudioVersion = 17.3.32922.545
MinimumVisualStudioVersion = 10.0.40219.1
Project("{FAE04EC0-301F-11D3-BF4B-00C04F79EFBC}") = "LING_A2", "LING_A2.csproj", "{D1130388-A818-4443-BA69-1491C0E593BD}"
EndProject
Global
	GlobalSection(SolutionConfigurationPlatforms) = preSolution
		Debug|Any CPU = Debug|Any CPU
		Release|Any CPU = Release|Any CPU
	EndGlobalSection
	GlobalSection(ProjectConfigurationPlatforms) = postSolution
		{D1130388-A818-4443-BA69-1491C0E593BD}.Debug|Any CPU.ActiveCfg = Debug|Any CPU
		{D1130388-A818-4443-BA69-1491C0E593BD}.Debug|Any CPU.Build.0 = Debug|Any CPU
		{D1130388-A818-4443-BA69-1491C0E593BD}.Release|Any CPU.ActiveCfg = Release|Any CPU
		{D1130388-A818-4443-BA69-1491C0E593BD}.Release|Any CPU.Build.0 = Release|Any CPU
	EndGlobalSection
	GlobalSection(SolutionProperties) = preSolution
		HideSolutionNode = FALSE
	EndGlobalSection
	GlobalSection(ExtensibilityGlobals) = postSolution
		SolutionGuid = {75AF5E04-3544-4BEA-9D38-46EC03777FF7}
	EndGlobalSection
EndGlobal
